
Microsoft Visual Studio Solution File, Format Version 12.00
# Visual Studio Version 16
VisualStudioVersion = 16.0.34407.143
MinimumVisualStudioVersion = 10.0.40219.1
Project("{9A19103F-16F7-4668-BE54-9A1E7A4F7556}") = "EasySave", "EasySave\EasySave.csproj", "{22FAD3D9-9DC8-43A8-9D87-CB009CFDE6D1}"
EndProject
Project("{FAE04EC0-301F-11D3-BF4B-00C04F79EFBC}") = "TestCopieColle", "TestCopieColle\TestCopieColle.csproj", "{8935DFF0-654C-43A4-A792-BEAE4DBB4292}"
EndProject
Global
	GlobalSection(SolutionConfigurationPlatforms) = preSolution
		Debug|Any CPU = Debug|Any CPU
		Release|Any CPU = Release|Any CPU
	EndGlobalSection
	GlobalSection(ProjectConfigurationPlatforms) = postSolution
		{22FAD3D9-9DC8-43A8-9D87-CB009CFDE6D1}.Debug|Any CPU.ActiveCfg = Debug|Any CPU
		{22FAD3D9-9DC8-43A8-9D87-CB009CFDE6D1}.Debug|Any CPU.Build.0 = Debug|Any CPU
		{22FAD3D9-9DC8-43A8-9D87-CB009CFDE6D1}.Release|Any CPU.ActiveCfg = Release|Any CPU
		{22FAD3D9-9DC8-43A8-9D87-CB009CFDE6D1}.Release|Any CPU.Build.0 = Release|Any CPU
		{8935DFF0-654C-43A4-A792-BEAE4DBB4292}.Debug|Any CPU.ActiveCfg = Debug|Any CPU
		{8935DFF0-654C-43A4-A792-BEAE4DBB4292}.Debug|Any CPU.Build.0 = Debug|Any CPU
		{8935DFF0-654C-43A4-A792-BEAE4DBB4292}.Release|Any CPU.ActiveCfg = Release|Any CPU
		{8935DFF0-654C-43A4-A792-BEAE4DBB4292}.Release|Any CPU.Build.0 = Release|Any CPU
	EndGlobalSection
	GlobalSection(SolutionProperties) = preSolution
		HideSolutionNode = FALSE
	EndGlobalSection
	GlobalSection(ExtensibilityGlobals) = postSolution
		SolutionGuid = {EAFD8813-F146-4EB9-B09E-89828E3F62EE}
	EndGlobalSection
EndGlobal
