
Microsoft Visual Studio Solution File, Format Version 12.00
# Visual Studio Version 16
VisualStudioVersion = 16.0.34407.143
MinimumVisualStudioVersion = 10.0.40219.1
Project("{FAE04EC0-301F-11D3-BF4B-00C04F79EFBC}") = "workshop_process", "workshop_process\workshop_process.csproj", "{1606F9AA-D40E-457C-A02F-7E1160EEAD7C}"
EndProject
Global
	GlobalSection(SolutionConfigurationPlatforms) = preSolution
		Debug|Any CPU = Debug|Any CPU
		Release|Any CPU = Release|Any CPU
	EndGlobalSection
	GlobalSection(ProjectConfigurationPlatforms) = postSolution
		{1606F9AA-D40E-457C-A02F-7E1160EEAD7C}.Debug|Any CPU.ActiveCfg = Debug|Any CPU
		{1606F9AA-D40E-457C-A02F-7E1160EEAD7C}.Debug|Any CPU.Build.0 = Debug|Any CPU
		{1606F9AA-D40E-457C-A02F-7E1160EEAD7C}.Release|Any CPU.ActiveCfg = Release|Any CPU
		{1606F9AA-D40E-457C-A02F-7E1160EEAD7C}.Release|Any CPU.Build.0 = Release|Any CPU
	EndGlobalSection
	GlobalSection(SolutionProperties) = preSolution
		HideSolutionNode = FALSE
	EndGlobalSection
	GlobalSection(ExtensibilityGlobals) = postSolution
		SolutionGuid = {DE5182A5-62A9-43C5-9122-D0B33DCE4647}
	EndGlobalSection
EndGlobal
