
Microsoft Visual Studio Solution File, Format Version 12.00
# Visual Studio Version 16
VisualStudioVersion = 16.0.34407.143
MinimumVisualStudioVersion = 10.0.40219.1
Project("{FAE04EC0-301F-11D3-BF4B-00C04F79EFBC}") = "EasySaveConsol_2", "EasySaveConsol_2\EasySaveConsol_2.csproj", "{4FD2D033-502A-441F-BDC3-9AFBD2E80AF4}"
EndProject
Global
	GlobalSection(SolutionConfigurationPlatforms) = preSolution
		Debug|Any CPU = Debug|Any CPU
		Release|Any CPU = Release|Any CPU
	EndGlobalSection
	GlobalSection(ProjectConfigurationPlatforms) = postSolution
		{4FD2D033-502A-441F-BDC3-9AFBD2E80AF4}.Debug|Any CPU.ActiveCfg = Debug|Any CPU
		{4FD2D033-502A-441F-BDC3-9AFBD2E80AF4}.Debug|Any CPU.Build.0 = Debug|Any CPU
		{4FD2D033-502A-441F-BDC3-9AFBD2E80AF4}.Release|Any CPU.ActiveCfg = Release|Any CPU
		{4FD2D033-502A-441F-BDC3-9AFBD2E80AF4}.Release|Any CPU.Build.0 = Release|Any CPU
	EndGlobalSection
	GlobalSection(SolutionProperties) = preSolution
		HideSolutionNode = FALSE
	EndGlobalSection
	GlobalSection(ExtensibilityGlobals) = postSolution
		SolutionGuid = {3DCEC9F1-FF78-499F-AA53-CCB38B6371F6}
	EndGlobalSection
EndGlobal
